
Microsoft Visual Studio Solution File, Format Version 12.00
# Visual Studio 15
VisualStudioVersion = 15.0.28307.136
MinimumVisualStudioVersion = 10.0.40219.1
Project("{8BC9CEB8-8B4A-11D0-8D11-00A0C91BC942}") = "Reeks6", "Reeks6\Reeks6.vcxproj", "{E4FE4881-59EA-46D6-8634-C1B2CED52270}"
EndProject
Global
	GlobalSection(SolutionConfigurationPlatforms) = preSolution
		Debug|x64 = Debug|x64
		Debug|x86 = Debug|x86
		Release|x64 = Release|x64
		Release|x86 = Release|x86
	EndGlobalSection
	GlobalSection(ProjectConfigurationPlatforms) = postSolution
		{E4FE4881-59EA-46D6-8634-C1B2CED52270}.Debug|x64.ActiveCfg = Debug|x64
		{E4FE4881-59EA-46D6-8634-C1B2CED52270}.Debug|x64.Build.0 = Debug|x64
		{E4FE4881-59EA-46D6-8634-C1B2CED52270}.Debug|x86.ActiveCfg = Debug|Win32
		{E4FE4881-59EA-46D6-8634-C1B2CED52270}.Debug|x86.Build.0 = Debug|Win32
		{E4FE4881-59EA-46D6-8634-C1B2CED52270}.Release|x64.ActiveCfg = Release|x64
		{E4FE4881-59EA-46D6-8634-C1B2CED52270}.Release|x64.Build.0 = Release|x64
		{E4FE4881-59EA-46D6-8634-C1B2CED52270}.Release|x86.ActiveCfg = Release|Win32
		{E4FE4881-59EA-46D6-8634-C1B2CED52270}.Release|x86.Build.0 = Release|Win32
	EndGlobalSection
	GlobalSection(SolutionProperties) = preSolution
		HideSolutionNode = FALSE
	EndGlobalSection
	GlobalSection(ExtensibilityGlobals) = postSolution
		SolutionGuid = {BB951CAB-1069-4E77-A5B0-E97FBFCD43D8}
	EndGlobalSection
EndGlobal
